
Microsoft Visual Studio Solution File, Format Version 12.00
# Visual Studio Version 17
VisualStudioVersion = 17.0.31903.59
MinimumVisualStudioVersion = 10.0.40219.1
Project("{FAE04EC0-301F-11D3-BF4B-00C04F79EFBC}") = "ShapeValidatorService", "ShapeValidatorService\ShapeValidatorService.csproj", "{77CD226C-DB03-4CA0-AE4E-6620CD67A1D1}"
EndProject
Project("{FAE04EC0-301F-11D3-BF4B-00C04F79EFBC}") = "ShapeValidatorService.Tests", "ShapeValidatorService.Tests\ShapeValidatorService.Tests.csproj", "{7605FE71-6DFF-4ACF-9AFE-A28E2CC1EE8C}"
EndProject
Global
	GlobalSection(SolutionConfigurationPlatforms) = preSolution
		Debug|Any CPU = Debug|Any CPU
		Release|Any CPU = Release|Any CPU
	EndGlobalSection
	GlobalSection(SolutionProperties) = preSolution
		HideSolutionNode = FALSE
	EndGlobalSection
	GlobalSection(ProjectConfigurationPlatforms) = postSolution
		{77CD226C-DB03-4CA0-AE4E-6620CD67A1D1}.Debug|Any CPU.ActiveCfg = Debug|Any CPU
		{77CD226C-DB03-4CA0-AE4E-6620CD67A1D1}.Debug|Any CPU.Build.0 = Debug|Any CPU
		{77CD226C-DB03-4CA0-AE4E-6620CD67A1D1}.Release|Any CPU.ActiveCfg = Release|Any CPU
		{77CD226C-DB03-4CA0-AE4E-6620CD67A1D1}.Release|Any CPU.Build.0 = Release|Any CPU
		{7605FE71-6DFF-4ACF-9AFE-A28E2CC1EE8C}.Debug|Any CPU.ActiveCfg = Debug|Any CPU
		{7605FE71-6DFF-4ACF-9AFE-A28E2CC1EE8C}.Debug|Any CPU.Build.0 = Debug|Any CPU
		{7605FE71-6DFF-4ACF-9AFE-A28E2CC1EE8C}.Release|Any CPU.ActiveCfg = Release|Any CPU
		{7605FE71-6DFF-4ACF-9AFE-A28E2CC1EE8C}.Release|Any CPU.Build.0 = Release|Any CPU
	EndGlobalSection
EndGlobal
